// !$*UTF8*$!
{
	archiveVersion = 1;
	classes = {
	};
	objectVersion = 50;
	objects = {

/* Begin PBXBuildFile section */
		C2344F1621F76095004235CC /* Array<Components>+Extensions.swift in Sources */ = {isa = PBXBuildFile; fileRef = C2344F1521F76095004235CC /* Array<Components>+Extensions.swift */; };
		C2344F1821F76182004235CC /* Coordinate.swift in Sources */ = {isa = PBXBuildFile; fileRef = C2344F1721F76181004235CC /* Coordinate.swift */; };
		C2344F1A21F761D9004235CC /* Conformances.swift in Sources */ = {isa = PBXBuildFile; fileRef = C2344F1921F761D9004235CC /* Conformances.swift */; };
		C2344F1C21F767A0004235CC /* Transformations.swift in Sources */ = {isa = PBXBuildFile; fileRef = C2344F1B21F767A0004235CC /* Transformations.swift */; };
		C2344F1E21F78529004235CC /* Shape+Creation.swift in Sources */ = {isa = PBXBuildFile; fileRef = C2344F1D21F78529004235CC /* Shape+Creation.swift */; };
		C2344F2021F78802004235CC /* Operators.swift in Sources */ = {isa = PBXBuildFile; fileRef = C2344F1F21F78802004235CC /* Operators.swift */; };
		C2344F2221F78868004235CC /* Shape+Manipulation.swift in Sources */ = {isa = PBXBuildFile; fileRef = C2344F2121F78868004235CC /* Shape+Manipulation.swift */; };
		C27FF18E21F4F32100F499E1 /* DrawingLines.h in Headers */ = {isa = PBXBuildFile; fileRef = C27FF18C21F4F32100F499E1 /* DrawingLines.h */; settings = {ATTRIBUTES = (Public, ); }; };
		C27FF19721F4F37C00F499E1 /* Drawable.swift in Sources */ = {isa = PBXBuildFile; fileRef = C27FF19621F4F37C00F499E1 /* Drawable.swift */; };
		C27FF19B21F5097600F499E1 /* Gradient.swift in Sources */ = {isa = PBXBuildFile; fileRef = C27FF19A21F5097600F499E1 /* Gradient.swift */; };
		C290A03821F52B6200D89483 /* UIBezierPath+Extensions.swift in Sources */ = {isa = PBXBuildFile; fileRef = C290A03721F52B6200D89483 /* UIBezierPath+Extensions.swift */; };
		C290A03A21F52B6800D89483 /* Line.swift in Sources */ = {isa = PBXBuildFile; fileRef = C290A03921F52B6800D89483 /* Line.swift */; };
		C290A03C21F534E900D89483 /* Collection+Extensions.swift in Sources */ = {isa = PBXBuildFile; fileRef = C290A03B21F534E900D89483 /* Collection+Extensions.swift */; };
		C290A03E21F55BDF00D89483 /* CGPoint+Extensions.swift in Sources */ = {isa = PBXBuildFile; fileRef = C290A03D21F55BDF00D89483 /* CGPoint+Extensions.swift */; };
		C2B83DFC21F6104D00D09B68 /* Shape.swift in Sources */ = {isa = PBXBuildFile; fileRef = C2B83DFB21F6104D00D09B68 /* Shape.swift */; };
		C2B83DFE21F6111800D09B68 /* Degrees+Radians+Conversions.swift in Sources */ = {isa = PBXBuildFile; fileRef = C2B83DFD21F6111800D09B68 /* Degrees+Radians+Conversions.swift */; };
		C2B83E0021F619B600D09B68 /* CGColor+Extensions.swift in Sources */ = {isa = PBXBuildFile; fileRef = C2B83DFF21F619B600D09B68 /* CGColor+Extensions.swift */; };
/* End PBXBuildFile section */

/* Begin PBXFileReference section */
		C2344F1521F76095004235CC /* Array<Components>+Extensions.swift */ = {isa = PBXFileReference; lastKnownFileType = sourcecode.swift; path = "Array<Components>+Extensions.swift"; sourceTree = "<group>"; };
		C2344F1721F76181004235CC /* Coordinate.swift */ = {isa = PBXFileReference; lastKnownFileType = sourcecode.swift; path = Coordinate.swift; sourceTree = "<group>"; };
		C2344F1921F761D9004235CC /* Conformances.swift */ = {isa = PBXFileReference; lastKnownFileType = sourcecode.swift; path = Conformances.swift; sourceTree = "<group>"; };
		C2344F1B21F767A0004235CC /* Transformations.swift */ = {isa = PBXFileReference; lastKnownFileType = sourcecode.swift; path = Transformations.swift; sourceTree = "<group>"; };
		C2344F1D21F78529004235CC /* Shape+Creation.swift */ = {isa = PBXFileReference; lastKnownFileType = sourcecode.swift; path = "Shape+Creation.swift"; sourceTree = "<group>"; };
		C2344F1F21F78802004235CC /* Operators.swift */ = {isa = PBXFileReference; lastKnownFileType = sourcecode.swift; path = Operators.swift; sourceTree = "<group>"; };
		C2344F2121F78868004235CC /* Shape+Manipulation.swift */ = {isa = PBXFileReference; lastKnownFileType = sourcecode.swift; path = "Shape+Manipulation.swift"; sourceTree = "<group>"; };
		C27FF18921F4F32100F499E1 /* DrawingLines.framework */ = {isa = PBXFileReference; explicitFileType = wrapper.framework; includeInIndex = 0; path = DrawingLines.framework; sourceTree = BUILT_PRODUCTS_DIR; };
		C27FF18C21F4F32100F499E1 /* DrawingLines.h */ = {isa = PBXFileReference; lastKnownFileType = sourcecode.c.h; path = DrawingLines.h; sourceTree = "<group>"; };
		C27FF18D21F4F32100F499E1 /* Info.plist */ = {isa = PBXFileReference; lastKnownFileType = text.plist.xml; path = Info.plist; sourceTree = "<group>"; };
		C27FF19621F4F37C00F499E1 /* Drawable.swift */ = {isa = PBXFileReference; lastKnownFileType = sourcecode.swift; path = Drawable.swift; sourceTree = "<group>"; };
		C27FF19A21F5097600F499E1 /* Gradient.swift */ = {isa = PBXFileReference; lastKnownFileType = sourcecode.swift; path = Gradient.swift; sourceTree = "<group>"; };
		C290A03721F52B6200D89483 /* UIBezierPath+Extensions.swift */ = {isa = PBXFileReference; lastKnownFileType = sourcecode.swift; path = "UIBezierPath+Extensions.swift"; sourceTree = "<group>"; };
		C290A03921F52B6800D89483 /* Line.swift */ = {isa = PBXFileReference; lastKnownFileType = sourcecode.swift; path = Line.swift; sourceTree = "<group>"; };
		C290A03B21F534E900D89483 /* Collection+Extensions.swift */ = {isa = PBXFileReference; lastKnownFileType = sourcecode.swift; path = "Collection+Extensions.swift"; sourceTree = "<group>"; };
		C290A03D21F55BDF00D89483 /* CGPoint+Extensions.swift */ = {isa = PBXFileReference; lastKnownFileType = sourcecode.swift; path = "CGPoint+Extensions.swift"; sourceTree = "<group>"; };
		C2B83DFB21F6104D00D09B68 /* Shape.swift */ = {isa = PBXFileReference; lastKnownFileType = sourcecode.swift; path = Shape.swift; sourceTree = "<group>"; };
		C2B83DFD21F6111800D09B68 /* Degrees+Radians+Conversions.swift */ = {isa = PBXFileReference; lastKnownFileType = sourcecode.swift; path = "Degrees+Radians+Conversions.swift"; sourceTree = "<group>"; };
		C2B83DFF21F619B600D09B68 /* CGColor+Extensions.swift */ = {isa = PBXFileReference; lastKnownFileType = sourcecode.swift; path = "CGColor+Extensions.swift"; sourceTree = "<group>"; };
		C2CC34DC21F7A80300248698 /* Testing.playground */ = {isa = PBXFileReference; lastKnownFileType = file.playground; path = Testing.playground; sourceTree = "<group>"; xcLanguageSpecificationIdentifier = xcode.lang.swift; };
/* End PBXFileReference section */

/* Begin PBXFrameworksBuildPhase section */
		C27FF18621F4F32100F499E1 /* Frameworks */ = {
			isa = PBXFrameworksBuildPhase;
			buildActionMask = 2147483647;
			files = (
			);
			runOnlyForDeploymentPostprocessing = 0;
		};
/* End PBXFrameworksBuildPhase section */

/* Begin PBXGroup section */
		C2344F1421F7605E004235CC /* Shape */ = {
			isa = PBXGroup;
			children = (
				C2B83DFB21F6104D00D09B68 /* Shape.swift */,
				C2344F1521F76095004235CC /* Array<Components>+Extensions.swift */,
				C2344F1721F76181004235CC /* Coordinate.swift */,
				C2344F1921F761D9004235CC /* Conformances.swift */,
				C2344F1B21F767A0004235CC /* Transformations.swift */,
				C2344F1D21F78529004235CC /* Shape+Creation.swift */,
				C2344F1F21F78802004235CC /* Operators.swift */,
				C2344F2121F78868004235CC /* Shape+Manipulation.swift */,
			);
			path = Shape;
			sourceTree = "<group>";
		};
		C27FF17F21F4F32100F499E1 = {
			isa = PBXGroup;
			children = (
				C27FF18B21F4F32100F499E1 /* DrawingLines */,
				C27FF18A21F4F32100F499E1 /* Products */,
			);
			sourceTree = "<group>";
		};
		C27FF18A21F4F32100F499E1 /* Products */ = {
			isa = PBXGroup;
			children = (
				C27FF18921F4F32100F499E1 /* DrawingLines.framework */,
			);
			name = Products;
			sourceTree = "<group>";
		};
		C27FF18B21F4F32100F499E1 /* DrawingLines */ = {
			isa = PBXGroup;
			children = (
				C2CC34DC21F7A80300248698 /* Testing.playground */,
				C2344F1421F7605E004235CC /* Shape */,
				C27FF19621F4F37C00F499E1 /* Drawable.swift */,
				C27FF19A21F5097600F499E1 /* Gradient.swift */,
				C290A03721F52B6200D89483 /* UIBezierPath+Extensions.swift */,
				C290A03921F52B6800D89483 /* Line.swift */,
				C290A03B21F534E900D89483 /* Collection+Extensions.swift */,
				C290A03D21F55BDF00D89483 /* CGPoint+Extensions.swift */,
				C2B83DFD21F6111800D09B68 /* Degrees+Radians+Conversions.swift */,
				C2B83DFF21F619B600D09B68 /* CGColor+Extensions.swift */,
				C27FF19521F4F33D00F499E1 /* Supporting Files */,
			);
			path = DrawingLines;
			sourceTree = "<group>";
		};
		C27FF19521F4F33D00F499E1 /* Supporting Files */ = {
			isa = PBXGroup;
			children = (
				C27FF18C21F4F32100F499E1 /* DrawingLines.h */,
				C27FF18D21F4F32100F499E1 /* Info.plist */,
			);
			path = "Supporting Files";
			sourceTree = "<group>";
		};
/* End PBXGroup section */

/* Begin PBXHeadersBuildPhase section */
		C27FF18421F4F32100F499E1 /* Headers */ = {
			isa = PBXHeadersBuildPhase;
			buildActionMask = 2147483647;
			files = (
				C27FF18E21F4F32100F499E1 /* DrawingLines.h in Headers */,
			);
			runOnlyForDeploymentPostprocessing = 0;
		};
/* End PBXHeadersBuildPhase section */

/* Begin PBXNativeTarget section */
		C27FF18821F4F32100F499E1 /* DrawingLines */ = {
			isa = PBXNativeTarget;
			buildConfigurationList = C27FF19121F4F32100F499E1 /* Build configuration list for PBXNativeTarget "DrawingLines" */;
			buildPhases = (
				C27FF18421F4F32100F499E1 /* Headers */,
				C27FF18521F4F32100F499E1 /* Sources */,
				C27FF18621F4F32100F499E1 /* Frameworks */,
				C27FF18721F4F32100F499E1 /* Resources */,
			);
			buildRules = (
			);
			dependencies = (
			);
			name = DrawingLines;
			productName = DrawingLines;
			productReference = C27FF18921F4F32100F499E1 /* DrawingLines.framework */;
			productType = "com.apple.product-type.framework";
		};
/* End PBXNativeTarget section */

/* Begin PBXProject section */
		C27FF18021F4F32100F499E1 /* Project object */ = {
			isa = PBXProject;
			attributes = {
				LastUpgradeCheck = 1010;
				ORGANIZATIONNAME = "Noah Wilder";
				TargetAttributes = {
					C27FF18821F4F32100F499E1 = {
						CreatedOnToolsVersion = 10.1;
						LastSwiftMigration = 1010;
					};
				};
			};
			buildConfigurationList = C27FF18321F4F32100F499E1 /* Build configuration list for PBXProject "DrawingLines" */;
			compatibilityVersion = "Xcode 9.3";
			developmentRegion = en;
			hasScannedForEncodings = 0;
			knownRegions = (
				en,
			);
			mainGroup = C27FF17F21F4F32100F499E1;
			productRefGroup = C27FF18A21F4F32100F499E1 /* Products */;
			projectDirPath = "";
			projectRoot = "";
			targets = (
				C27FF18821F4F32100F499E1 /* DrawingLines */,
			);
		};
/* End PBXProject section */

/* Begin PBXResourcesBuildPhase section */
		C27FF18721F4F32100F499E1 /* Resources */ = {
			isa = PBXResourcesBuildPhase;
			buildActionMask = 2147483647;
			files = (
			);
			runOnlyForDeploymentPostprocessing = 0;
		};
/* End PBXResourcesBuildPhase section */

/* Begin PBXSourcesBuildPhase section */
		C27FF18521F4F32100F499E1 /* Sources */ = {
			isa = PBXSourcesBuildPhase;
			buildActionMask = 2147483647;
			files = (
				C2344F2221F78868004235CC /* Shape+Manipulation.swift in Sources */,
				C290A03E21F55BDF00D89483 /* CGPoint+Extensions.swift in Sources */,
				C27FF19721F4F37C00F499E1 /* Drawable.swift in Sources */,
				C2B83DFC21F6104D00D09B68 /* Shape.swift in Sources */,
				C2B83E0021F619B600D09B68 /* CGColor+Extensions.swift in Sources */,
				C2344F1C21F767A0004235CC /* Transformations.swift in Sources */,
				C2B83DFE21F6111800D09B68 /* Degrees+Radians+Conversions.swift in Sources */,
				C2344F1E21F78529004235CC /* Shape+Creation.swift in Sources */,
				C2344F1821F76182004235CC /* Coordinate.swift in Sources */,
				C27FF19B21F5097600F499E1 /* Gradient.swift in Sources */,
				C290A03821F52B6200D89483 /* UIBezierPath+Extensions.swift in Sources */,
				C2344F1621F76095004235CC /* Array<Components>+Extensions.swift in Sources */,
				C2344F2021F78802004235CC /* Operators.swift in Sources */,
				C2344F1A21F761D9004235CC /* Conformances.swift in Sources */,
				C290A03A21F52B6800D89483 /* Line.swift in Sources */,
				C290A03C21F534E900D89483 /* Collection+Extensions.swift in Sources */,
			);
			runOnlyForDeploymentPostprocessing = 0;
		};
/* End PBXSourcesBuildPhase section */

/* Begin XCBuildConfiguration section */
		C27FF18F21F4F32100F499E1 /* Debug */ = {
			isa = XCBuildConfiguration;
			buildSettings = {
				ALWAYS_SEARCH_USER_PATHS = NO;
				CLANG_ANALYZER_NONNULL = YES;
				CLANG_ANALYZER_NUMBER_OBJECT_CONVERSION = YES_AGGRESSIVE;
				CLANG_CXX_LANGUAGE_STANDARD = "gnu++14";
				CLANG_CXX_LIBRARY = "libc++";
				CLANG_ENABLE_MODULES = YES;
				CLANG_ENABLE_OBJC_ARC = YES;
				CLANG_ENABLE_OBJC_WEAK = YES;
				CLANG_WARN_BLOCK_CAPTURE_AUTORELEASING = YES;
				CLANG_WARN_BOOL_CONVERSION = YES;
				CLANG_WARN_COMMA = YES;
				CLANG_WARN_CONSTANT_CONVERSION = YES;
				CLANG_WARN_DEPRECATED_OBJC_IMPLEMENTATIONS = YES;
				CLANG_WARN_DIRECT_OBJC_ISA_USAGE = YES_ERROR;
				CLANG_WARN_DOCUMENTATION_COMMENTS = YES;
				CLANG_WARN_EMPTY_BODY = YES;
				CLANG_WARN_ENUM_CONVERSION = YES;
				CLANG_WARN_INFINITE_RECURSION = YES;
				CLANG_WARN_INT_CONVERSION = YES;
				CLANG_WARN_NON_LITERAL_NULL_CONVERSION = YES;
				CLANG_WARN_OBJC_IMPLICIT_RETAIN_SELF = YES;
				CLANG_WARN_OBJC_LITERAL_CONVERSION = YES;
				CLANG_WARN_OBJC_ROOT_CLASS = YES_ERROR;
				CLANG_WARN_RANGE_LOOP_ANALYSIS = YES;
				CLANG_WARN_STRICT_PROTOTYPES = YES;
				CLANG_WARN_SUSPICIOUS_MOVE = YES;
				CLANG_WARN_UNGUARDED_AVAILABILITY = YES_AGGRESSIVE;
				CLANG_WARN_UNREACHABLE_CODE = YES;
				CLANG_WARN__DUPLICATE_METHOD_MATCH = YES;
				CODE_SIGN_IDENTITY = "iPhone Developer";
				COPY_PHASE_STRIP = NO;
				CURRENT_PROJECT_VERSION = 1;
				DEBUG_INFORMATION_FORMAT = dwarf;
				ENABLE_STRICT_OBJC_MSGSEND = YES;
				ENABLE_TESTABILITY = YES;
				GCC_C_LANGUAGE_STANDARD = gnu11;
				GCC_DYNAMIC_NO_PIC = NO;
				GCC_NO_COMMON_BLOCKS = YES;
				GCC_OPTIMIZATION_LEVEL = 0;
				GCC_PREPROCESSOR_DEFINITIONS = (
					"DEBUG=1",
					"$(inherited)",
				);
				GCC_WARN_64_TO_32_BIT_CONVERSION = YES;
				GCC_WARN_ABOUT_RETURN_TYPE = YES_ERROR;
				GCC_WARN_UNDECLARED_SELECTOR = YES;
				GCC_WARN_UNINITIALIZED_AUTOS = YES_AGGRESSIVE;
				GCC_WARN_UNUSED_FUNCTION = YES;
				GCC_WARN_UNUSED_VARIABLE = YES;
				IPHONEOS_DEPLOYMENT_TARGET = 12.1;
				MTL_ENABLE_DEBUG_INFO = INCLUDE_SOURCE;
				MTL_FAST_MATH = YES;
				ONLY_ACTIVE_ARCH = YES;
				SDKROOT = iphoneos;
				SWIFT_ACTIVE_COMPILATION_CONDITIONS = DEBUG;
				SWIFT_OPTIMIZATION_LEVEL = "-Onone";
				VERSIONING_SYSTEM = "apple-generic";
				VERSION_INFO_PREFIX = "";
			};
			name = Debug;
		};
		C27FF19021F4F32100F499E1 /* Release */ = {
			isa = XCBuildConfiguration;
			buildSettings = {
				ALWAYS_SEARCH_USER_PATHS = NO;
				CLANG_ANALYZER_NONNULL = YES;
				CLANG_ANALYZER_NUMBER_OBJECT_CONVERSION = YES_AGGRESSIVE;
				CLANG_CXX_LANGUAGE_STANDARD = "gnu++14";
				CLANG_CXX_LIBRARY = "libc++";
				CLANG_ENABLE_MODULES = YES;
				CLANG_ENABLE_OBJC_ARC = YES;
				CLANG_ENABLE_OBJC_WEAK = YES;
				CLANG_WARN_BLOCK_CAPTURE_AUTORELEASING = YES;
				CLANG_WARN_BOOL_CONVERSION = YES;
				CLANG_WARN_COMMA = YES;
				CLANG_WARN_CONSTANT_CONVERSION = YES;
				CLANG_WARN_DEPRECATED_OBJC_IMPLEMENTATIONS = YES;
				CLANG_WARN_DIRECT_OBJC_ISA_USAGE = YES_ERROR;
				CLANG_WARN_DOCUMENTATION_COMMENTS = YES;
				CLANG_WARN_EMPTY_BODY = YES;
				CLANG_WARN_ENUM_CONVERSION = YES;
				CLANG_WARN_INFINITE_RECURSION = YES;
				CLANG_WARN_INT_CONVERSION = YES;
				CLANG_WARN_NON_LITERAL_NULL_CONVERSION = YES;
				CLANG_WARN_OBJC_IMPLICIT_RETAIN_SELF = YES;
				CLANG_WARN_OBJC_LITERAL_CONVERSION = YES;
				CLANG_WARN_OBJC_ROOT_CLASS = YES_ERROR;
				CLANG_WARN_RANGE_LOOP_ANALYSIS = YES;
				CLANG_WARN_STRICT_PROTOTYPES = YES;
				CLANG_WARN_SUSPICIOUS_MOVE = YES;
				CLANG_WARN_UNGUARDED_AVAILABILITY = YES_AGGRESSIVE;
				CLANG_WARN_UNREACHABLE_CODE = YES;
				CLANG_WARN__DUPLICATE_METHOD_MATCH = YES;
				CODE_SIGN_IDENTITY = "iPhone Developer";
				COPY_PHASE_STRIP = NO;
				CURRENT_PROJECT_VERSION = 1;
				DEBUG_INFORMATION_FORMAT = "dwarf-with-dsym";
				ENABLE_NS_ASSERTIONS = NO;
				ENABLE_STRICT_OBJC_MSGSEND = YES;
				GCC_C_LANGUAGE_STANDARD = gnu11;
				GCC_NO_COMMON_BLOCKS = YES;
				GCC_WARN_64_TO_32_BIT_CONVERSION = YES;
				GCC_WARN_ABOUT_RETURN_TYPE = YES_ERROR;
				GCC_WARN_UNDECLARED_SELECTOR = YES;
				GCC_WARN_UNINITIALIZED_AUTOS = YES_AGGRESSIVE;
				GCC_WARN_UNUSED_FUNCTION = YES;
				GCC_WARN_UNUSED_VARIABLE = YES;
				IPHONEOS_DEPLOYMENT_TARGET = 12.1;
				MTL_ENABLE_DEBUG_INFO = NO;
				MTL_FAST_MATH = YES;
				SDKROOT = iphoneos;
				SWIFT_COMPILATION_MODE = wholemodule;
				SWIFT_OPTIMIZATION_LEVEL = "-O";
				VALIDATE_PRODUCT = YES;
				VERSIONING_SYSTEM = "apple-generic";
				VERSION_INFO_PREFIX = "";
			};
			name = Release;
		};
		C27FF19221F4F32100F499E1 /* Debug */ = {
			isa = XCBuildConfiguration;
			buildSettings = {
				CLANG_ENABLE_MODULES = YES;
				CODE_SIGN_IDENTITY = "";
				CODE_SIGN_STYLE = Automatic;
				DEFINES_MODULE = YES;
				DEVELOPMENT_TEAM = JPFSXG2FT6;
				DYLIB_COMPATIBILITY_VERSION = 1;
				DYLIB_CURRENT_VERSION = 1;
				DYLIB_INSTALL_NAME_BASE = "@rpath";
				INFOPLIST_FILE = "$(SRCROOT)/DrawingLines/Supporting Files/Info.plist";
				INSTALL_PATH = "$(LOCAL_LIBRARY_DIR)/Frameworks";
				LD_RUNPATH_SEARCH_PATHS = (
					"$(inherited)",
					"@executable_path/Frameworks",
					"@loader_path/Frameworks",
				);
				PRODUCT_BUNDLE_IDENTIFIER = com.noahwilder.DrawingLines;
				PRODUCT_NAME = "$(TARGET_NAME:c99extidentifier)";
				SKIP_INSTALL = YES;
				SWIFT_OPTIMIZATION_LEVEL = "-Onone";
				SWIFT_VERSION = 4.2;
				TARGETED_DEVICE_FAMILY = "1,2";
			};
			name = Debug;
		};
		C27FF19321F4F32100F499E1 /* Release */ = {
			isa = XCBuildConfiguration;
			buildSettings = {
				CLANG_ENABLE_MODULES = YES;
				CODE_SIGN_IDENTITY = "";
				CODE_SIGN_STYLE = Automatic;
				DEFINES_MODULE = YES;
				DEVELOPMENT_TEAM = JPFSXG2FT6;
				DYLIB_COMPATIBILITY_VERSION = 1;
				DYLIB_CURRENT_VERSION = 1;
				DYLIB_INSTALL_NAME_BASE = "@rpath";
				INFOPLIST_FILE = "$(SRCROOT)/DrawingLines/Supporting Files/Info.plist";
				INSTALL_PATH = "$(LOCAL_LIBRARY_DIR)/Frameworks";
				LD_RUNPATH_SEARCH_PATHS = (
					"$(inherited)",
					"@executable_path/Frameworks",
					"@loader_path/Frameworks",
				);
				PRODUCT_BUNDLE_IDENTIFIER = com.noahwilder.DrawingLines;
				PRODUCT_NAME = "$(TARGET_NAME:c99extidentifier)";
				SKIP_INSTALL = YES;
				SWIFT_VERSION = 4.2;
				TARGETED_DEVICE_FAMILY = "1,2";
			};
			name = Release;
		};
/* End XCBuildConfiguration section */

/* Begin XCConfigurationList section */
		C27FF18321F4F32100F499E1 /* Build configuration list for PBXProject "DrawingLines" */ = {
			isa = XCConfigurationList;
			buildConfigurations = (
				C27FF18F21F4F32100F499E1 /* Debug */,
				C27FF19021F4F32100F499E1 /* Release */,
			);
			defaultConfigurationIsVisible = 0;
			defaultConfigurationName = Release;
		};
		C27FF19121F4F32100F499E1 /* Build configuration list for PBXNativeTarget "DrawingLines" */ = {
			isa = XCConfigurationList;
			buildConfigurations = (
				C27FF19221F4F32100F499E1 /* Debug */,
				C27FF19321F4F32100F499E1 /* Release */,
			);
			defaultConfigurationIsVisible = 0;
			defaultConfigurationName = Release;
		};
/* End XCConfigurationList section */
	};
	rootObject = C27FF18021F4F32100F499E1 /* Project object */;
}
